
Microsoft Visual Studio Solution File, Format Version 12.00
# Visual Studio Version 17
VisualStudioVersion = 17.5.33414.496
MinimumVisualStudioVersion = 10.0.40219.1
Project("{9A19103F-16F7-4668-BE54-9A1E7A4F7556}") = "aquacity.apis", "aquacity\aquacity.apis.csproj", "{7AA57D8B-5211-48B7-BA9B-9C9AC484AD0F}"
EndProject
Global
	GlobalSection(SolutionConfigurationPlatforms) = preSolution
		Debug|Any CPU = Debug|Any CPU
		Release|Any CPU = Release|Any CPU
	EndGlobalSection
	GlobalSection(ProjectConfigurationPlatforms) = postSolution
		{7AA57D8B-5211-48B7-BA9B-9C9AC484AD0F}.Debug|Any CPU.ActiveCfg = Debug|Any CPU
		{7AA57D8B-5211-48B7-BA9B-9C9AC484AD0F}.Debug|Any CPU.Build.0 = Debug|Any CPU
		{7AA57D8B-5211-48B7-BA9B-9C9AC484AD0F}.Release|Any CPU.ActiveCfg = Release|Any CPU
		{7AA57D8B-5211-48B7-BA9B-9C9AC484AD0F}.Release|Any CPU.Build.0 = Release|Any CPU
	EndGlobalSection
	GlobalSection(SolutionProperties) = preSolution
		HideSolutionNode = FALSE
	EndGlobalSection
	GlobalSection(ExtensibilityGlobals) = postSolution
		SolutionGuid = {C84FF5BF-80F4-44B2-B9FF-AC107E64010D}
	EndGlobalSection
EndGlobal
