
Microsoft Visual Studio Solution File, Format Version 12.00
# Visual Studio Version 17
VisualStudioVersion = 17.5.33414.496
MinimumVisualStudioVersion = 10.0.40219.1
Project("{FAE04EC0-301F-11D3-BF4B-00C04F79EFBC}") = "IdentityFramework", "IdentityFramework\IdentityFramework.csproj", "{AD073C6F-E58B-4F8B-B12A-7FC7BDA7ACDB}"
EndProject
Global
	GlobalSection(SolutionConfigurationPlatforms) = preSolution
		Debug|Any CPU = Debug|Any CPU
		Release|Any CPU = Release|Any CPU
	EndGlobalSection
	GlobalSection(ProjectConfigurationPlatforms) = postSolution
		{AD073C6F-E58B-4F8B-B12A-7FC7BDA7ACDB}.Debug|Any CPU.ActiveCfg = Debug|Any CPU
		{AD073C6F-E58B-4F8B-B12A-7FC7BDA7ACDB}.Debug|Any CPU.Build.0 = Debug|Any CPU
		{AD073C6F-E58B-4F8B-B12A-7FC7BDA7ACDB}.Release|Any CPU.ActiveCfg = Release|Any CPU
		{AD073C6F-E58B-4F8B-B12A-7FC7BDA7ACDB}.Release|Any CPU.Build.0 = Release|Any CPU
	EndGlobalSection
	GlobalSection(SolutionProperties) = preSolution
		HideSolutionNode = FALSE
	EndGlobalSection
	GlobalSection(ExtensibilityGlobals) = postSolution
		SolutionGuid = {F00AC3BB-DE5B-47E3-AE8D-BC10B94952DC}
	EndGlobalSection
EndGlobal
